PODS:
  - BaseDevtool (3.9.0):
    - BaseDevtool/framework (= 3.9.0)
  - BaseDevtool/framework (3.9.0):
    - DebugRouter (>= 5.0.15)
    - Lynx (= 3.9.0)
    - LynxBase (= 3.9.0)
  - DebugRouter (5.0.15):
    - DebugRouter/Framework (= 5.0.15)
    - DebugRouter/Native (= 5.0.15)
    - DebugRouter/third_party (= 5.0.15)
  - DebugRouter/Framework (5.0.15):
    - DebugRouter/Native
  - DebugRouter/Native (5.0.15):
    - DebugRouter/third_party
  - DebugRouter/third_party (5.0.15):
    - DebugRouter/third_party/jsoncpp (= 5.0.15)
  - DebugRouter/third_party/jsoncpp (5.0.15)
  - Lynx (3.9.0):
    - Lynx/Framework (= 3.9.0)
  - Lynx/Framework (3.9.0):
    - Lynx/ReleaseResource
    - LynxBase/Framework
    - LynxServiceAPI
    - PrimJS/napi/env
    - PrimJS/napi/jsc
    - PrimJS/napi/quickjs
    - PrimJS/quickjs (= 3.8.0-alpha.6)
  - Lynx/ReleaseResource (3.9.0)
  - LynxBase (3.9.0):
    - LynxBase/Framework (= 3.9.0)
  - LynxBase/Framework (3.9.0):
    - LynxServiceAPI/Core
  - LynxDevtool (3.9.0):
    - LynxDevtool/Framework (= 3.9.0)
    - LynxDevtool/LynxCore (= 3.9.0)
    - LynxDevtool/LynxRecorder (= 3.9.0)
  - LynxDevtool/Framework (3.9.0):
    - BaseDevtool (= 3.9.0)
    - DebugRouter (>= 5.0.15)
    - Lynx (= 3.9.0)
    - LynxBase (= 3.9.0)
    - LynxDevtool/Framework/zlib (= 3.9.0)
    - LynxDevtool/LynxCore
    - PrimJS/quickjs_debugger
    - PrimJS/quickjs_heapprofiler
    - PrimJS/quickjs_profiler
    - SocketRocket
  - LynxDevtool/Framework/zlib (3.9.0):
    - BaseDevtool (= 3.9.0)
    - DebugRouter (>= 5.0.15)
    - Lynx (= 3.9.0)
    - LynxBase (= 3.9.0)
    - LynxDevtool/LynxCore
    - PrimJS/quickjs_debugger
    - PrimJS/quickjs_heapprofiler
    - PrimJS/quickjs_profiler
    - SocketRocket
  - LynxDevtool/LynxCore (3.9.0)
  - LynxDevtool/LynxRecorder (3.9.0):
    - LynxDevtool/Framework
  - LynxService/Devtool (3.9.0):
    - Lynx (= 3.9.0)
    - LynxDevtool (= 3.9.0)
    - LynxServiceAPI (= 3.9.0)
  - LynxServiceAPI (3.9.0):
    - LynxServiceAPI/Core (= 3.9.0)
  - LynxServiceAPI/Core (3.9.0)
  - PrimJS/log (3.8.0-alpha.6)
  - PrimJS/napi (3.8.0-alpha.6):
    - PrimJS/napi/adapter (= 3.8.0-alpha.6)
    - PrimJS/napi/core (= 3.8.0-alpha.6)
    - PrimJS/napi/env (= 3.8.0-alpha.6)
    - PrimJS/napi/jsc (= 3.8.0-alpha.6)
    - PrimJS/napi/quickjs (= 3.8.0-alpha.6)
  - PrimJS/napi/adapter (3.8.0-alpha.6):
    - PrimJS/napi/core
    - PrimJS/napi/env
  - PrimJS/napi/core (3.8.0-alpha.6)
  - PrimJS/napi/env (3.8.0-alpha.6):
    - PrimJS/napi/core
  - PrimJS/napi/jsc (3.8.0-alpha.6):
    - PrimJS/log
    - PrimJS/napi/core
    - PrimJS/quickjs
  - PrimJS/napi/quickjs (3.8.0-alpha.6):
    - PrimJS/napi/core
    - PrimJS/quickjs
  - PrimJS/quickjs (3.8.0-alpha.6):
    - PrimJS/log
  - PrimJS/quickjs_debugger (3.8.0-alpha.6):
    - PrimJS/quickjs
  - PrimJS/quickjs_heapprofiler (3.8.0-alpha.6):
    - PrimJS/quickjs_debugger
  - PrimJS/quickjs_profiler (3.8.0-alpha.6):
    - PrimJS/quickjs_debugger
  - SocketRocket (0.7.1)
  - XElement/Input (3.9.0):
    - Lynx (= 3.9.0)
  - XElement/Overlay (3.9.0):
    - Lynx (= 3.9.0)
  - XElement/ScrollCoordinator (3.9.0):
    - Lynx (= 3.9.0)
    - XElement/ViewPager
  - XElement/ViewPager (3.9.0):
    - Lynx (= 3.9.0)

DEPENDENCIES:
  - Lynx/Framework (= 3.9.0)
  - LynxDevtool (= 3.9.0)
  - LynxService/Devtool (= 3.9.0)
  - PrimJS/napi
  - PrimJS/quickjs
  - XElement/Input (= 3.9.0)
  - XElement/Overlay (= 3.9.0)
  - XElement/ScrollCoordinator (= 3.9.0)
  - XElement/ViewPager (= 3.9.0)

SPEC REPOS:
  trunk:
    - BaseDevtool
    - DebugRouter
    - Lynx
    - LynxBase
    - LynxDevtool
    - LynxService
    - LynxServiceAPI
    - PrimJS
    - SocketRocket
    - XElement

SPEC CHECKSUMS:
  BaseDevtool: 10daf451c42280970c9104a323cfcb58f01791a6
  DebugRouter: f0323a03519feabd12f553f0da7ac7931873a0ea
  Lynx: ad5ed649ccf1d761e6697bc5d6d4fa6f30ad13e3
  LynxBase: 046fe3d218a88ff0b1a3f058ee8d9a07aa9ae387
  LynxDevtool: 9644b28c6d5fb4a8bf7002e2e1b949b88ac48599
  LynxService: a1728eea1ecb9d4bd9a37430b14d431ae000fce0
  LynxServiceAPI: d7fe4bc006716867e5d7cf2d3a4bcaa5207cfa0f
  PrimJS: a917134ed564e22594bcda526b940bc9a1de4e4d
  SocketRocket: d4aabe649be1e368d1318fdf28a022d714d65748
  XElement: 49b95dcd304c4a3bd4af335962c45a65173033b3

PODFILE CHECKSUM: 764231f52327f8eade365287fe0ddc2584968f53

COCOAPODS: 1.16.2
