PODS:
  - BaseDevtool (4.1.0):
    - BaseDevtool/framework (= 4.1.0)
  - BaseDevtool/framework (4.1.0):
    - DebugRouter (>= 5.0.15)
    - Lynx (= 4.1.0)
    - LynxBase (= 4.1.0)
  - DebugRouter (5.0.15):
    - DebugRouter/Framework (= 5.0.15)
    - DebugRouter/Native (= 5.0.15)
    - DebugRouter/third_party (= 5.0.15)
  - DebugRouter/Framework (5.0.15):
    - DebugRouter/Native
  - DebugRouter/MessageTransceiverEnable (5.0.15)
  - DebugRouter/Native (5.0.15):
    - DebugRouter/third_party
  - DebugRouter/third_party (5.0.15):
    - DebugRouter/third_party/jsoncpp (= 5.0.15)
  - DebugRouter/third_party/jsoncpp (5.0.15)
  - Lynx (4.1.0):
    - Lynx/Framework (= 4.1.0)
  - Lynx/Framework (4.1.0):
    - Lynx/Gfx
    - Lynx/ReleaseResource
    - LynxBase/Framework
    - LynxServiceAPI
    - PrimJS/napi/env
    - PrimJS/napi/jsc
    - PrimJS/napi/quickjs
    - PrimJS/quickjs (= 4.1.1)
  - Lynx/Gfx (4.1.0):
    - LynxBase/Framework
  - Lynx/ReleaseResource (4.1.0)
  - LynxBase (4.1.0):
    - LynxBase/Framework (= 4.1.0)
  - LynxBase/Framework (4.1.0):
    - LynxServiceAPI/Core
  - LynxDevtool (4.1.0):
    - LynxDevtool/Framework (= 4.1.0)
    - LynxDevtool/LynxCore (= 4.1.0)
    - LynxDevtool/LynxRecorder (= 4.1.0)
  - LynxDevtool/Framework (4.1.0):
    - BaseDevtool (= 4.1.0)
    - DebugRouter (>= 5.0.15)
    - Lynx (= 4.1.0)
    - LynxBase (= 4.1.0)
    - LynxDevtool/Framework/zlib (= 4.1.0)
    - LynxDevtool/LynxCore
    - PrimJS/quickjs_debugger
    - PrimJS/quickjs_heapprofiler
    - PrimJS/quickjs_profiler
    - SocketRocket
  - LynxDevtool/Framework/zlib (4.1.0):
    - BaseDevtool (= 4.1.0)
    - DebugRouter (>= 5.0.15)
    - Lynx (= 4.1.0)
    - LynxBase (= 4.1.0)
    - LynxDevtool/LynxCore
    - PrimJS/quickjs_debugger
    - PrimJS/quickjs_heapprofiler
    - PrimJS/quickjs_profiler
    - SocketRocket
  - LynxDevtool/LynxCore (4.1.0)
  - LynxDevtool/LynxRecorder (4.1.0):
    - LynxDevtool/Framework
  - LynxService/Devtool (4.1.0):
    - Lynx (= 4.1.0)
    - LynxDevtool (= 4.1.0)
    - LynxServiceAPI (= 4.1.0)
  - LynxServiceAPI (4.1.0):
    - LynxServiceAPI/Core (= 4.1.0)
    - LynxServiceAPI/Native (= 4.1.0)
  - LynxServiceAPI/Core (4.1.0):
    - LynxServiceAPI/Native
  - LynxServiceAPI/Native (4.1.0)
  - PrimJS/log (4.1.1)
  - PrimJS/napi (4.1.1):
    - PrimJS/napi/adapter (= 4.1.1)
    - PrimJS/napi/core (= 4.1.1)
    - PrimJS/napi/env (= 4.1.1)
    - PrimJS/napi/jsc (= 4.1.1)
    - PrimJS/napi/quickjs (= 4.1.1)
  - PrimJS/napi/adapter (4.1.1):
    - PrimJS/napi/core
    - PrimJS/napi/env
  - PrimJS/napi/core (4.1.1)
  - PrimJS/napi/env (4.1.1):
    - PrimJS/napi/core
  - PrimJS/napi/jsc (4.1.1):
    - PrimJS/log
    - PrimJS/napi/core
    - PrimJS/quickjs
  - PrimJS/napi/quickjs (4.1.1):
    - PrimJS/napi/core
    - PrimJS/quickjs
  - PrimJS/quickjs (4.1.1):
    - PrimJS/log
  - PrimJS/quickjs_debugger (4.1.1):
    - PrimJS/quickjs
  - PrimJS/quickjs_heapprofiler (4.1.1):
    - PrimJS/quickjs_debugger
  - PrimJS/quickjs_profiler (4.1.1):
    - PrimJS/quickjs_debugger
  - SocketRocket (0.7.1)
  - XElement/BlurView (4.1.0):
    - Lynx (= 4.1.0)
  - XElement/Input (4.1.0):
    - Lynx (= 4.1.0)
  - XElement/Overlay (4.1.0):
    - Lynx (= 4.1.0)
  - XElement/ScrollCoordinator (4.1.0):
    - Lynx (= 4.1.0)
    - XElement/ViewPager
  - XElement/Video (4.1.0):
    - Lynx (= 4.1.0)
  - XElement/ViewPager (4.1.0):
    - Lynx (= 4.1.0)
  - XElement/WebView (4.1.0):
    - Lynx (= 4.1.0)

DEPENDENCIES:
  - DebugRouter (= 5.0.15)
  - DebugRouter/MessageTransceiverEnable (= 5.0.15)
  - Lynx/Framework (= 4.1.0)
  - LynxDevtool (= 4.1.0)
  - LynxService/Devtool (= 4.1.0)
  - PrimJS/napi (= 4.1.1)
  - PrimJS/quickjs (= 4.1.1)
  - XElement/BlurView (= 4.1.0)
  - XElement/Input (= 4.1.0)
  - XElement/Overlay (= 4.1.0)
  - XElement/ScrollCoordinator (= 4.1.0)
  - XElement/Video (= 4.1.0)
  - XElement/ViewPager (= 4.1.0)
  - XElement/WebView (= 4.1.0)

SPEC REPOS:
  https://github.com/lynx-family/Specs.git:
    - BaseDevtool
    - Lynx
    - LynxBase
    - LynxDevtool
    - LynxService
    - LynxServiceAPI
    - XElement
  trunk:
    - DebugRouter
    - PrimJS
    - SocketRocket

SPEC CHECKSUMS:
  BaseDevtool: 6f1625a8d8f99dcc0b5d3b798b75c03e00fd5e46
  DebugRouter: f0323a03519feabd12f553f0da7ac7931873a0ea
  Lynx: b9a0812cb5b0f1ff6efba8cc1d1d5c094a23f632
  LynxBase: 4d2fdb403f161e8fce8af3db8bddee50c8f1fe3e
  LynxDevtool: 45d2c62996dc5435010a020341d70fade6b219f5
  LynxService: 4e390c8080eff4bc3d3f4e2133379c2942191c1b
  LynxServiceAPI: 79446ba6dcea4353b8e2e5b77ec9f34603c0a054
  PrimJS: 2bb7f0e0c314cc81f6dc53aa814082b66f149e7c
  SocketRocket: d4aabe649be1e368d1318fdf28a022d714d65748
  XElement: 81b11cf09c9b2c773bfc3b9b631811502328016b

PODFILE CHECKSUM: 8158e8e9e1a064ac82fb9a067b59f03fc2696512

COCOAPODS: 1.16.2
